
Microsoft Visual Studio Solution File, Format Version 12.00
# Visual Studio Version 17
VisualStudioVersion = 17.3.32922.545
MinimumVisualStudioVersion = 10.0.40219.1
Project("{FAE04EC0-301F-11D3-BF4B-00C04F79EFBC}") = "Victorina_WF", "Victorina_WF.csproj", "{B9463EE6-5144-4F20-827A-8496A1ABCEAE}"
EndProject
Global
	GlobalSection(SolutionConfigurationPlatforms) = preSolution
		Debug|Any CPU = Debug|Any CPU
		Release|Any CPU = Release|Any CPU
	EndGlobalSection
	GlobalSection(ProjectConfigurationPlatforms) = postSolution
		{B9463EE6-5144-4F20-827A-8496A1ABCEAE}.Debug|Any CPU.ActiveCfg = Debug|Any CPU
		{B9463EE6-5144-4F20-827A-8496A1ABCEAE}.Debug|Any CPU.Build.0 = Debug|Any CPU
		{B9463EE6-5144-4F20-827A-8496A1ABCEAE}.Release|Any CPU.ActiveCfg = Release|Any CPU
		{B9463EE6-5144-4F20-827A-8496A1ABCEAE}.Release|Any CPU.Build.0 = Release|Any CPU
	EndGlobalSection
	GlobalSection(SolutionProperties) = preSolution
		HideSolutionNode = FALSE
	EndGlobalSection
	GlobalSection(ExtensibilityGlobals) = postSolution
		SolutionGuid = {827E565C-B02E-4CC9-955E-21D382240FBE}
	EndGlobalSection
EndGlobal
